
Microsoft Visual Studio Solution File, Format Version 12.00
# Visual Studio Version 17
VisualStudioVersion = 17.7.34202.233
MinimumVisualStudioVersion = 10.0.40219.1
Project("{8BC9CEB8-8B4A-11D0-8D11-00A0C91BC942}") = "vector_1", "vector_1\vector_1.vcxproj", "{AD80A828-B4CB-4053-A0C4-E248FA377E8E}"
EndProject
Global
	GlobalSection(SolutionConfigurationPlatforms) = preSolution
		Debug|x64 = Debug|x64
		Debug|x86 = Debug|x86
		Release|x64 = Release|x64
		Release|x86 = Release|x86
	EndGlobalSection
	GlobalSection(ProjectConfigurationPlatforms) = postSolution
		{AD80A828-B4CB-4053-A0C4-E248FA377E8E}.Debug|x64.ActiveCfg = Debug|x64
		{AD80A828-B4CB-4053-A0C4-E248FA377E8E}.Debug|x64.Build.0 = Debug|x64
		{AD80A828-B4CB-4053-A0C4-E248FA377E8E}.Debug|x86.ActiveCfg = Debug|Win32
		{AD80A828-B4CB-4053-A0C4-E248FA377E8E}.Debug|x86.Build.0 = Debug|Win32
		{AD80A828-B4CB-4053-A0C4-E248FA377E8E}.Release|x64.ActiveCfg = Release|x64
		{AD80A828-B4CB-4053-A0C4-E248FA377E8E}.Release|x64.Build.0 = Release|x64
		{AD80A828-B4CB-4053-A0C4-E248FA377E8E}.Release|x86.ActiveCfg = Release|Win32
		{AD80A828-B4CB-4053-A0C4-E248FA377E8E}.Release|x86.Build.0 = Release|Win32
	EndGlobalSection
	GlobalSection(SolutionProperties) = preSolution
		HideSolutionNode = FALSE
	EndGlobalSection
	GlobalSection(ExtensibilityGlobals) = postSolution
		SolutionGuid = {FA4108F1-C39A-470C-A685-7470E2EE03B4}
	EndGlobalSection
EndGlobal
