
Microsoft Visual Studio Solution File, Format Version 12.00
# Visual Studio Version 16
VisualStudioVersion = 16.0.30717.126
MinimumVisualStudioVersion = 10.0.40219.1
Project("{8BC9CEB8-8B4A-11D0-8D11-00A0C91BC942}") = "2022_10_18_class3", "2022_10_18_class3\2022_10_18_class3.vcxproj", "{CE0A67DB-E28D-43EA-A34D-E8103FD9C7A6}"
EndProject
Global
	GlobalSection(SolutionConfigurationPlatforms) = preSolution
		Debug|x64 = Debug|x64
		Debug|x86 = Debug|x86
		Release|x64 = Release|x64
		Release|x86 = Release|x86
	EndGlobalSection
	GlobalSection(ProjectConfigurationPlatforms) = postSolution
		{CE0A67DB-E28D-43EA-A34D-E8103FD9C7A6}.Debug|x64.ActiveCfg = Debug|x64
		{CE0A67DB-E28D-43EA-A34D-E8103FD9C7A6}.Debug|x64.Build.0 = Debug|x64
		{CE0A67DB-E28D-43EA-A34D-E8103FD9C7A6}.Debug|x86.ActiveCfg = Debug|Win32
		{CE0A67DB-E28D-43EA-A34D-E8103FD9C7A6}.Debug|x86.Build.0 = Debug|Win32
		{CE0A67DB-E28D-43EA-A34D-E8103FD9C7A6}.Release|x64.ActiveCfg = Release|x64
		{CE0A67DB-E28D-43EA-A34D-E8103FD9C7A6}.Release|x64.Build.0 = Release|x64
		{CE0A67DB-E28D-43EA-A34D-E8103FD9C7A6}.Release|x86.ActiveCfg = Release|Win32
		{CE0A67DB-E28D-43EA-A34D-E8103FD9C7A6}.Release|x86.Build.0 = Release|Win32
	EndGlobalSection
	GlobalSection(SolutionProperties) = preSolution
		HideSolutionNode = FALSE
	EndGlobalSection
	GlobalSection(ExtensibilityGlobals) = postSolution
		SolutionGuid = {A4195BBB-E8AA-47BB-BFD7-8D7AA703FABE}
	EndGlobalSection
EndGlobal
