
Microsoft Visual Studio Solution File, Format Version 12.00
# Visual Studio Version 16
VisualStudioVersion = 16.0.30717.126
MinimumVisualStudioVersion = 10.0.40219.1
Project("{8BC9CEB8-8B4A-11D0-8D11-00A0C91BC942}") = "2021_12_30", "2021_12_30\2021_12_30.vcxproj", "{E6BDC6CF-D9F6-46EB-9C6D-DA6112302AD5}"
EndProject
Global
	GlobalSection(SolutionConfigurationPlatforms) = preSolution
		Debug|x64 = Debug|x64
		Debug|x86 = Debug|x86
		Release|x64 = Release|x64
		Release|x86 = Release|x86
	EndGlobalSection
	GlobalSection(ProjectConfigurationPlatforms) = postSolution
		{E6BDC6CF-D9F6-46EB-9C6D-DA6112302AD5}.Debug|x64.ActiveCfg = Debug|x64
		{E6BDC6CF-D9F6-46EB-9C6D-DA6112302AD5}.Debug|x64.Build.0 = Debug|x64
		{E6BDC6CF-D9F6-46EB-9C6D-DA6112302AD5}.Debug|x86.ActiveCfg = Debug|Win32
		{E6BDC6CF-D9F6-46EB-9C6D-DA6112302AD5}.Debug|x86.Build.0 = Debug|Win32
		{E6BDC6CF-D9F6-46EB-9C6D-DA6112302AD5}.Release|x64.ActiveCfg = Release|x64
		{E6BDC6CF-D9F6-46EB-9C6D-DA6112302AD5}.Release|x64.Build.0 = Release|x64
		{E6BDC6CF-D9F6-46EB-9C6D-DA6112302AD5}.Release|x86.ActiveCfg = Release|Win32
		{E6BDC6CF-D9F6-46EB-9C6D-DA6112302AD5}.Release|x86.Build.0 = Release|Win32
	EndGlobalSection
	GlobalSection(SolutionProperties) = preSolution
		HideSolutionNode = FALSE
	EndGlobalSection
	GlobalSection(ExtensibilityGlobals) = postSolution
		SolutionGuid = {0CD158F5-0C55-4B29-857A-AB4F715673AA}
	EndGlobalSection
EndGlobal
