
Microsoft Visual Studio Solution File, Format Version 12.00
# Visual Studio Version 16
VisualStudioVersion = 16.0.30717.126
MinimumVisualStudioVersion = 10.0.40219.1
Project("{8BC9CEB8-8B4A-11D0-8D11-00A0C91BC942}") = "2021_10_24", "2021_10_24\2021_10_24.vcxproj", "{07EE3381-E8B2-462A-895B-9AE51D0A6844}"
EndProject
Global
	GlobalSection(SolutionConfigurationPlatforms) = preSolution
		Debug|x64 = Debug|x64
		Debug|x86 = Debug|x86
		Release|x64 = Release|x64
		Release|x86 = Release|x86
	EndGlobalSection
	GlobalSection(ProjectConfigurationPlatforms) = postSolution
		{07EE3381-E8B2-462A-895B-9AE51D0A6844}.Debug|x64.ActiveCfg = Debug|x64
		{07EE3381-E8B2-462A-895B-9AE51D0A6844}.Debug|x64.Build.0 = Debug|x64
		{07EE3381-E8B2-462A-895B-9AE51D0A6844}.Debug|x86.ActiveCfg = Debug|Win32
		{07EE3381-E8B2-462A-895B-9AE51D0A6844}.Debug|x86.Build.0 = Debug|Win32
		{07EE3381-E8B2-462A-895B-9AE51D0A6844}.Release|x64.ActiveCfg = Release|x64
		{07EE3381-E8B2-462A-895B-9AE51D0A6844}.Release|x64.Build.0 = Release|x64
		{07EE3381-E8B2-462A-895B-9AE51D0A6844}.Release|x86.ActiveCfg = Release|Win32
		{07EE3381-E8B2-462A-895B-9AE51D0A6844}.Release|x86.Build.0 = Release|Win32
	EndGlobalSection
	GlobalSection(SolutionProperties) = preSolution
		HideSolutionNode = FALSE
	EndGlobalSection
	GlobalSection(ExtensibilityGlobals) = postSolution
		SolutionGuid = {C0959967-BDF3-41C9-A53D-FCA2D1811FD0}
	EndGlobalSection
EndGlobal
