
Microsoft Visual Studio Solution File, Format Version 12.00
# Visual Studio Version 16
VisualStudioVersion = 16.0.30717.126
MinimumVisualStudioVersion = 10.0.40219.1
Project("{8BC9CEB8-8B4A-11D0-8D11-00A0C91BC942}") = "2021_11_1", "2021_11_1\2021_11_1.vcxproj", "{02C72BAE-5010-4F56-B93F-97EBF4778671}"
EndProject
Global
	GlobalSection(SolutionConfigurationPlatforms) = preSolution
		Debug|x64 = Debug|x64
		Debug|x86 = Debug|x86
		Release|x64 = Release|x64
		Release|x86 = Release|x86
	EndGlobalSection
	GlobalSection(ProjectConfigurationPlatforms) = postSolution
		{02C72BAE-5010-4F56-B93F-97EBF4778671}.Debug|x64.ActiveCfg = Debug|x64
		{02C72BAE-5010-4F56-B93F-97EBF4778671}.Debug|x64.Build.0 = Debug|x64
		{02C72BAE-5010-4F56-B93F-97EBF4778671}.Debug|x86.ActiveCfg = Debug|Win32
		{02C72BAE-5010-4F56-B93F-97EBF4778671}.Debug|x86.Build.0 = Debug|Win32
		{02C72BAE-5010-4F56-B93F-97EBF4778671}.Release|x64.ActiveCfg = Release|x64
		{02C72BAE-5010-4F56-B93F-97EBF4778671}.Release|x64.Build.0 = Release|x64
		{02C72BAE-5010-4F56-B93F-97EBF4778671}.Release|x86.ActiveCfg = Release|Win32
		{02C72BAE-5010-4F56-B93F-97EBF4778671}.Release|x86.Build.0 = Release|Win32
	EndGlobalSection
	GlobalSection(SolutionProperties) = preSolution
		HideSolutionNode = FALSE
	EndGlobalSection
	GlobalSection(ExtensibilityGlobals) = postSolution
		SolutionGuid = {6F6DB32B-CBF5-4F81-992C-F9189E13AD73}
	EndGlobalSection
EndGlobal
