
Microsoft Visual Studio Solution File, Format Version 12.00
# Visual Studio Version 16
VisualStudioVersion = 16.0.30717.126
MinimumVisualStudioVersion = 10.0.40219.1
Project("{8BC9CEB8-8B4A-11D0-8D11-00A0C91BC942}") = "2022_3_23_order_table", "2022_3_23_order_table\2022_3_23_order_table.vcxproj", "{CB001CF6-E25D-4834-AA03-CF30FBBD073B}"
EndProject
Global
	GlobalSection(SolutionConfigurationPlatforms) = preSolution
		Debug|x64 = Debug|x64
		Debug|x86 = Debug|x86
		Release|x64 = Release|x64
		Release|x86 = Release|x86
	EndGlobalSection
	GlobalSection(ProjectConfigurationPlatforms) = postSolution
		{CB001CF6-E25D-4834-AA03-CF30FBBD073B}.Debug|x64.ActiveCfg = Debug|x64
		{CB001CF6-E25D-4834-AA03-CF30FBBD073B}.Debug|x64.Build.0 = Debug|x64
		{CB001CF6-E25D-4834-AA03-CF30FBBD073B}.Debug|x86.ActiveCfg = Debug|Win32
		{CB001CF6-E25D-4834-AA03-CF30FBBD073B}.Debug|x86.Build.0 = Debug|Win32
		{CB001CF6-E25D-4834-AA03-CF30FBBD073B}.Release|x64.ActiveCfg = Release|x64
		{CB001CF6-E25D-4834-AA03-CF30FBBD073B}.Release|x64.Build.0 = Release|x64
		{CB001CF6-E25D-4834-AA03-CF30FBBD073B}.Release|x86.ActiveCfg = Release|Win32
		{CB001CF6-E25D-4834-AA03-CF30FBBD073B}.Release|x86.Build.0 = Release|Win32
	EndGlobalSection
	GlobalSection(SolutionProperties) = preSolution
		HideSolutionNode = FALSE
	EndGlobalSection
	GlobalSection(ExtensibilityGlobals) = postSolution
		SolutionGuid = {C788C12C-D31D-4926-B205-213953A71725}
	EndGlobalSection
EndGlobal
