
Microsoft Visual Studio Solution File, Format Version 12.00
# Visual Studio Version 16
VisualStudioVersion = 16.0.30717.126
MinimumVisualStudioVersion = 10.0.40219.1
Project("{8BC9CEB8-8B4A-11D0-8D11-00A0C91BC942}") = "2022_3_6", "2022_3_6\2022_3_6.vcxproj", "{D8FBC12D-7855-4175-92C5-D77041050321}"
EndProject
Global
	GlobalSection(SolutionConfigurationPlatforms) = preSolution
		Debug|x64 = Debug|x64
		Debug|x86 = Debug|x86
		Release|x64 = Release|x64
		Release|x86 = Release|x86
	EndGlobalSection
	GlobalSection(ProjectConfigurationPlatforms) = postSolution
		{D8FBC12D-7855-4175-92C5-D77041050321}.Debug|x64.ActiveCfg = Debug|x64
		{D8FBC12D-7855-4175-92C5-D77041050321}.Debug|x64.Build.0 = Debug|x64
		{D8FBC12D-7855-4175-92C5-D77041050321}.Debug|x86.ActiveCfg = Debug|Win32
		{D8FBC12D-7855-4175-92C5-D77041050321}.Debug|x86.Build.0 = Debug|Win32
		{D8FBC12D-7855-4175-92C5-D77041050321}.Release|x64.ActiveCfg = Release|x64
		{D8FBC12D-7855-4175-92C5-D77041050321}.Release|x64.Build.0 = Release|x64
		{D8FBC12D-7855-4175-92C5-D77041050321}.Release|x86.ActiveCfg = Release|Win32
		{D8FBC12D-7855-4175-92C5-D77041050321}.Release|x86.Build.0 = Release|Win32
	EndGlobalSection
	GlobalSection(SolutionProperties) = preSolution
		HideSolutionNode = FALSE
	EndGlobalSection
	GlobalSection(ExtensibilityGlobals) = postSolution
		SolutionGuid = {1BC483D1-FBA4-4D0E-9822-7303D1038684}
	EndGlobalSection
EndGlobal
