
Microsoft Visual Studio Solution File, Format Version 12.00
# Visual Studio Version 16
VisualStudioVersion = 16.0.30717.126
MinimumVisualStudioVersion = 10.0.40219.1
Project("{8BC9CEB8-8B4A-11D0-8D11-00A0C91BC942}") = "2022_3_27_2.21_prep", "2022_3_27_2.21_prep\2022_3_27_2.21_prep.vcxproj", "{BFFB686A-08EE-4255-8920-66F737086944}"
EndProject
Global
	GlobalSection(SolutionConfigurationPlatforms) = preSolution
		Debug|x64 = Debug|x64
		Debug|x86 = Debug|x86
		Release|x64 = Release|x64
		Release|x86 = Release|x86
	EndGlobalSection
	GlobalSection(ProjectConfigurationPlatforms) = postSolution
		{BFFB686A-08EE-4255-8920-66F737086944}.Debug|x64.ActiveCfg = Debug|x64
		{BFFB686A-08EE-4255-8920-66F737086944}.Debug|x64.Build.0 = Debug|x64
		{BFFB686A-08EE-4255-8920-66F737086944}.Debug|x86.ActiveCfg = Debug|Win32
		{BFFB686A-08EE-4255-8920-66F737086944}.Debug|x86.Build.0 = Debug|Win32
		{BFFB686A-08EE-4255-8920-66F737086944}.Release|x64.ActiveCfg = Release|x64
		{BFFB686A-08EE-4255-8920-66F737086944}.Release|x64.Build.0 = Release|x64
		{BFFB686A-08EE-4255-8920-66F737086944}.Release|x86.ActiveCfg = Release|Win32
		{BFFB686A-08EE-4255-8920-66F737086944}.Release|x86.Build.0 = Release|Win32
	EndGlobalSection
	GlobalSection(SolutionProperties) = preSolution
		HideSolutionNode = FALSE
	EndGlobalSection
	GlobalSection(ExtensibilityGlobals) = postSolution
		SolutionGuid = {CB8EEF9F-0BB6-48CE-A7A1-808A6D9A0CF4}
	EndGlobalSection
EndGlobal
