
Microsoft Visual Studio Solution File, Format Version 12.00
# Visual Studio Version 16
VisualStudioVersion = 16.0.30717.126
MinimumVisualStudioVersion = 10.0.40219.1
Project("{8BC9CEB8-8B4A-11D0-8D11-00A0C91BC942}") = "2022_3_30_Single_List", "2022_3_30_Single_List\2022_3_30_Single_List.vcxproj", "{DF9531A9-B8FC-4229-94B6-52620E77CF04}"
EndProject
Global
	GlobalSection(SolutionConfigurationPlatforms) = preSolution
		Debug|x64 = Debug|x64
		Debug|x86 = Debug|x86
		Release|x64 = Release|x64
		Release|x86 = Release|x86
	EndGlobalSection
	GlobalSection(ProjectConfigurationPlatforms) = postSolution
		{DF9531A9-B8FC-4229-94B6-52620E77CF04}.Debug|x64.ActiveCfg = Debug|x64
		{DF9531A9-B8FC-4229-94B6-52620E77CF04}.Debug|x64.Build.0 = Debug|x64
		{DF9531A9-B8FC-4229-94B6-52620E77CF04}.Debug|x86.ActiveCfg = Debug|Win32
		{DF9531A9-B8FC-4229-94B6-52620E77CF04}.Debug|x86.Build.0 = Debug|Win32
		{DF9531A9-B8FC-4229-94B6-52620E77CF04}.Release|x64.ActiveCfg = Release|x64
		{DF9531A9-B8FC-4229-94B6-52620E77CF04}.Release|x64.Build.0 = Release|x64
		{DF9531A9-B8FC-4229-94B6-52620E77CF04}.Release|x86.ActiveCfg = Release|Win32
		{DF9531A9-B8FC-4229-94B6-52620E77CF04}.Release|x86.Build.0 = Release|Win32
	EndGlobalSection
	GlobalSection(SolutionProperties) = preSolution
		HideSolutionNode = FALSE
	EndGlobalSection
	GlobalSection(ExtensibilityGlobals) = postSolution
		SolutionGuid = {C8E37A8A-0763-4406-9AAB-4292743EC90A}
	EndGlobalSection
EndGlobal
