
Microsoft Visual Studio Solution File, Format Version 12.00
# Visual Studio Version 16
VisualStudioVersion = 16.0.30717.126
MinimumVisualStudioVersion = 10.0.40219.1
Project("{8BC9CEB8-8B4A-11D0-8D11-00A0C91BC942}") = "2022_1_15", "2022_1_15\2022_1_15.vcxproj", "{29D2E5A1-D963-4BDA-B45F-148A439BDA40}"
EndProject
Global
	GlobalSection(SolutionConfigurationPlatforms) = preSolution
		Debug|x64 = Debug|x64
		Debug|x86 = Debug|x86
		Release|x64 = Release|x64
		Release|x86 = Release|x86
	EndGlobalSection
	GlobalSection(ProjectConfigurationPlatforms) = postSolution
		{29D2E5A1-D963-4BDA-B45F-148A439BDA40}.Debug|x64.ActiveCfg = Debug|x64
		{29D2E5A1-D963-4BDA-B45F-148A439BDA40}.Debug|x64.Build.0 = Debug|x64
		{29D2E5A1-D963-4BDA-B45F-148A439BDA40}.Debug|x86.ActiveCfg = Debug|Win32
		{29D2E5A1-D963-4BDA-B45F-148A439BDA40}.Debug|x86.Build.0 = Debug|Win32
		{29D2E5A1-D963-4BDA-B45F-148A439BDA40}.Release|x64.ActiveCfg = Release|x64
		{29D2E5A1-D963-4BDA-B45F-148A439BDA40}.Release|x64.Build.0 = Release|x64
		{29D2E5A1-D963-4BDA-B45F-148A439BDA40}.Release|x86.ActiveCfg = Release|Win32
		{29D2E5A1-D963-4BDA-B45F-148A439BDA40}.Release|x86.Build.0 = Release|Win32
	EndGlobalSection
	GlobalSection(SolutionProperties) = preSolution
		HideSolutionNode = FALSE
	EndGlobalSection
	GlobalSection(ExtensibilityGlobals) = postSolution
		SolutionGuid = {DC95F255-F76F-4B69-AA54-A048D256CCE4}
	EndGlobalSection
EndGlobal
