
Microsoft Visual Studio Solution File, Format Version 12.00
# Visual Studio Version 16
VisualStudioVersion = 16.0.30717.126
MinimumVisualStudioVersion = 10.0.40219.1
Project("{8BC9CEB8-8B4A-11D0-8D11-00A0C91BC942}") = "2021_11_5_array", "2021_11_5_array\2021_11_5_array.vcxproj", "{D0702775-27E6-4B0D-B298-BF11B6349A5C}"
EndProject
Global
	GlobalSection(SolutionConfigurationPlatforms) = preSolution
		Debug|x64 = Debug|x64
		Debug|x86 = Debug|x86
		Release|x64 = Release|x64
		Release|x86 = Release|x86
	EndGlobalSection
	GlobalSection(ProjectConfigurationPlatforms) = postSolution
		{D0702775-27E6-4B0D-B298-BF11B6349A5C}.Debug|x64.ActiveCfg = Debug|x64
		{D0702775-27E6-4B0D-B298-BF11B6349A5C}.Debug|x64.Build.0 = Debug|x64
		{D0702775-27E6-4B0D-B298-BF11B6349A5C}.Debug|x86.ActiveCfg = Debug|Win32
		{D0702775-27E6-4B0D-B298-BF11B6349A5C}.Debug|x86.Build.0 = Debug|Win32
		{D0702775-27E6-4B0D-B298-BF11B6349A5C}.Release|x64.ActiveCfg = Release|x64
		{D0702775-27E6-4B0D-B298-BF11B6349A5C}.Release|x64.Build.0 = Release|x64
		{D0702775-27E6-4B0D-B298-BF11B6349A5C}.Release|x86.ActiveCfg = Release|Win32
		{D0702775-27E6-4B0D-B298-BF11B6349A5C}.Release|x86.Build.0 = Release|Win32
	EndGlobalSection
	GlobalSection(SolutionProperties) = preSolution
		HideSolutionNode = FALSE
	EndGlobalSection
	GlobalSection(ExtensibilityGlobals) = postSolution
		SolutionGuid = {FE322464-1A56-4464-82DF-1E10A23ED25F}
	EndGlobalSection
EndGlobal
