
Microsoft Visual Studio Solution File, Format Version 12.00
# Visual Studio Version 17
VisualStudioVersion = 17.7.34202.233
MinimumVisualStudioVersion = 10.0.40219.1
Project("{8BC9CEB8-8B4A-11D0-8D11-00A0C91BC942}") = "Leetcode_17", "Leetcode_17\Leetcode_17.vcxproj", "{D26E9E0C-1EDA-492C-A7E7-D5597EF6A425}"
EndProject
Global
	GlobalSection(SolutionConfigurationPlatforms) = preSolution
		Debug|x64 = Debug|x64
		Debug|x86 = Debug|x86
		Release|x64 = Release|x64
		Release|x86 = Release|x86
	EndGlobalSection
	GlobalSection(ProjectConfigurationPlatforms) = postSolution
		{D26E9E0C-1EDA-492C-A7E7-D5597EF6A425}.Debug|x64.ActiveCfg = Debug|x64
		{D26E9E0C-1EDA-492C-A7E7-D5597EF6A425}.Debug|x64.Build.0 = Debug|x64
		{D26E9E0C-1EDA-492C-A7E7-D5597EF6A425}.Debug|x86.ActiveCfg = Debug|Win32
		{D26E9E0C-1EDA-492C-A7E7-D5597EF6A425}.Debug|x86.Build.0 = Debug|Win32
		{D26E9E0C-1EDA-492C-A7E7-D5597EF6A425}.Release|x64.ActiveCfg = Release|x64
		{D26E9E0C-1EDA-492C-A7E7-D5597EF6A425}.Release|x64.Build.0 = Release|x64
		{D26E9E0C-1EDA-492C-A7E7-D5597EF6A425}.Release|x86.ActiveCfg = Release|Win32
		{D26E9E0C-1EDA-492C-A7E7-D5597EF6A425}.Release|x86.Build.0 = Release|Win32
	EndGlobalSection
	GlobalSection(SolutionProperties) = preSolution
		HideSolutionNode = FALSE
	EndGlobalSection
	GlobalSection(ExtensibilityGlobals) = postSolution
		SolutionGuid = {0E574891-EA5C-41C7-AE39-D353F223DDA1}
	EndGlobalSection
EndGlobal
