
Microsoft Visual Studio Solution File, Format Version 12.00
# Visual Studio Version 16
VisualStudioVersion = 16.0.30717.126
MinimumVisualStudioVersion = 10.0.40219.1
Project("{8BC9CEB8-8B4A-11D0-8D11-00A0C91BC942}") = "2022_4_18_Tree", "2022_4_18_Tree\2022_4_18_Tree.vcxproj", "{338DB724-36E3-4596-BD5C-EFF05712DD98}"
EndProject
Global
	GlobalSection(SolutionConfigurationPlatforms) = preSolution
		Debug|x64 = Debug|x64
		Debug|x86 = Debug|x86
		Release|x64 = Release|x64
		Release|x86 = Release|x86
	EndGlobalSection
	GlobalSection(ProjectConfigurationPlatforms) = postSolution
		{338DB724-36E3-4596-BD5C-EFF05712DD98}.Debug|x64.ActiveCfg = Debug|x64
		{338DB724-36E3-4596-BD5C-EFF05712DD98}.Debug|x64.Build.0 = Debug|x64
		{338DB724-36E3-4596-BD5C-EFF05712DD98}.Debug|x86.ActiveCfg = Debug|Win32
		{338DB724-36E3-4596-BD5C-EFF05712DD98}.Debug|x86.Build.0 = Debug|Win32
		{338DB724-36E3-4596-BD5C-EFF05712DD98}.Release|x64.ActiveCfg = Release|x64
		{338DB724-36E3-4596-BD5C-EFF05712DD98}.Release|x64.Build.0 = Release|x64
		{338DB724-36E3-4596-BD5C-EFF05712DD98}.Release|x86.ActiveCfg = Release|Win32
		{338DB724-36E3-4596-BD5C-EFF05712DD98}.Release|x86.Build.0 = Release|Win32
	EndGlobalSection
	GlobalSection(SolutionProperties) = preSolution
		HideSolutionNode = FALSE
	EndGlobalSection
	GlobalSection(ExtensibilityGlobals) = postSolution
		SolutionGuid = {D89F66EE-D68B-492A-9360-225DDE3DE949}
	EndGlobalSection
EndGlobal
