
Microsoft Visual Studio Solution File, Format Version 12.00
# Visual Studio Version 16
VisualStudioVersion = 16.0.30717.126
MinimumVisualStudioVersion = 10.0.40219.1
Project("{8BC9CEB8-8B4A-11D0-8D11-00A0C91BC942}") = "2022_3_3", "2022_3_3\2022_3_3.vcxproj", "{63060F72-37D5-4AF7-809C-FE5F1E0FB937}"
EndProject
Global
	GlobalSection(SolutionConfigurationPlatforms) = preSolution
		Debug|x64 = Debug|x64
		Debug|x86 = Debug|x86
		Release|x64 = Release|x64
		Release|x86 = Release|x86
	EndGlobalSection
	GlobalSection(ProjectConfigurationPlatforms) = postSolution
		{63060F72-37D5-4AF7-809C-FE5F1E0FB937}.Debug|x64.ActiveCfg = Debug|x64
		{63060F72-37D5-4AF7-809C-FE5F1E0FB937}.Debug|x64.Build.0 = Debug|x64
		{63060F72-37D5-4AF7-809C-FE5F1E0FB937}.Debug|x86.ActiveCfg = Debug|Win32
		{63060F72-37D5-4AF7-809C-FE5F1E0FB937}.Debug|x86.Build.0 = Debug|Win32
		{63060F72-37D5-4AF7-809C-FE5F1E0FB937}.Release|x64.ActiveCfg = Release|x64
		{63060F72-37D5-4AF7-809C-FE5F1E0FB937}.Release|x64.Build.0 = Release|x64
		{63060F72-37D5-4AF7-809C-FE5F1E0FB937}.Release|x86.ActiveCfg = Release|Win32
		{63060F72-37D5-4AF7-809C-FE5F1E0FB937}.Release|x86.Build.0 = Release|Win32
	EndGlobalSection
	GlobalSection(SolutionProperties) = preSolution
		HideSolutionNode = FALSE
	EndGlobalSection
	GlobalSection(ExtensibilityGlobals) = postSolution
		SolutionGuid = {B57703E4-4E68-4FAB-B80A-642783692474}
	EndGlobalSection
EndGlobal
