
Microsoft Visual Studio Solution File, Format Version 12.00
# Visual Studio Version 16
VisualStudioVersion = 16.0.30717.126
MinimumVisualStudioVersion = 10.0.40219.1
Project("{8BC9CEB8-8B4A-11D0-8D11-00A0C91BC942}") = "2022_4_8_linked_list_oj+double", "2022_4_8_linked_list_oj+double\2022_4_8_linked_list_oj+double.vcxproj", "{D81F3213-9B9F-4F33-A114-B3C068CD4AD8}"
EndProject
Global
	GlobalSection(SolutionConfigurationPlatforms) = preSolution
		Debug|x64 = Debug|x64
		Debug|x86 = Debug|x86
		Release|x64 = Release|x64
		Release|x86 = Release|x86
	EndGlobalSection
	GlobalSection(ProjectConfigurationPlatforms) = postSolution
		{D81F3213-9B9F-4F33-A114-B3C068CD4AD8}.Debug|x64.ActiveCfg = Debug|x64
		{D81F3213-9B9F-4F33-A114-B3C068CD4AD8}.Debug|x64.Build.0 = Debug|x64
		{D81F3213-9B9F-4F33-A114-B3C068CD4AD8}.Debug|x86.ActiveCfg = Debug|Win32
		{D81F3213-9B9F-4F33-A114-B3C068CD4AD8}.Debug|x86.Build.0 = Debug|Win32
		{D81F3213-9B9F-4F33-A114-B3C068CD4AD8}.Release|x64.ActiveCfg = Release|x64
		{D81F3213-9B9F-4F33-A114-B3C068CD4AD8}.Release|x64.Build.0 = Release|x64
		{D81F3213-9B9F-4F33-A114-B3C068CD4AD8}.Release|x86.ActiveCfg = Release|Win32
		{D81F3213-9B9F-4F33-A114-B3C068CD4AD8}.Release|x86.Build.0 = Release|Win32
	EndGlobalSection
	GlobalSection(SolutionProperties) = preSolution
		HideSolutionNode = FALSE
	EndGlobalSection
	GlobalSection(ExtensibilityGlobals) = postSolution
		SolutionGuid = {EFDA9FEB-B578-48E4-AD76-B7C2EFF0D5AF}
	EndGlobalSection
EndGlobal
