
Microsoft Visual Studio Solution File, Format Version 12.00
# Visual Studio Version 17
VisualStudioVersion = 17.7.34202.233
MinimumVisualStudioVersion = 10.0.40219.1
Project("{8BC9CEB8-8B4A-11D0-8D11-00A0C91BC942}") = "Time1", "Time1\Time1.vcxproj", "{3CA790AA-C0C5-4B95-AE72-F1252924A7BF}"
EndProject
Global
	GlobalSection(SolutionConfigurationPlatforms) = preSolution
		Debug|x64 = Debug|x64
		Debug|x86 = Debug|x86
		Release|x64 = Release|x64
		Release|x86 = Release|x86
	EndGlobalSection
	GlobalSection(ProjectConfigurationPlatforms) = postSolution
		{3CA790AA-C0C5-4B95-AE72-F1252924A7BF}.Debug|x64.ActiveCfg = Debug|x64
		{3CA790AA-C0C5-4B95-AE72-F1252924A7BF}.Debug|x64.Build.0 = Debug|x64
		{3CA790AA-C0C5-4B95-AE72-F1252924A7BF}.Debug|x86.ActiveCfg = Debug|Win32
		{3CA790AA-C0C5-4B95-AE72-F1252924A7BF}.Debug|x86.Build.0 = Debug|Win32
		{3CA790AA-C0C5-4B95-AE72-F1252924A7BF}.Release|x64.ActiveCfg = Release|x64
		{3CA790AA-C0C5-4B95-AE72-F1252924A7BF}.Release|x64.Build.0 = Release|x64
		{3CA790AA-C0C5-4B95-AE72-F1252924A7BF}.Release|x86.ActiveCfg = Release|Win32
		{3CA790AA-C0C5-4B95-AE72-F1252924A7BF}.Release|x86.Build.0 = Release|Win32
	EndGlobalSection
	GlobalSection(SolutionProperties) = preSolution
		HideSolutionNode = FALSE
	EndGlobalSection
	GlobalSection(ExtensibilityGlobals) = postSolution
		SolutionGuid = {EBC7F1E7-6578-49A9-88B6-271BC7A34587}
	EndGlobalSection
EndGlobal
