
Microsoft Visual Studio Solution File, Format Version 12.00
# Visual Studio Version 16
VisualStudioVersion = 16.0.30717.126
MinimumVisualStudioVersion = 10.0.40219.1
Project("{8BC9CEB8-8B4A-11D0-8D11-00A0C91BC942}") = "2021_11_4", "2021_11_4\2021_11_4.vcxproj", "{D36F482E-2E7D-44DD-BE32-2DC0C9681089}"
EndProject
Global
	GlobalSection(SolutionConfigurationPlatforms) = preSolution
		Debug|x64 = Debug|x64
		Debug|x86 = Debug|x86
		Release|x64 = Release|x64
		Release|x86 = Release|x86
	EndGlobalSection
	GlobalSection(ProjectConfigurationPlatforms) = postSolution
		{D36F482E-2E7D-44DD-BE32-2DC0C9681089}.Debug|x64.ActiveCfg = Debug|x64
		{D36F482E-2E7D-44DD-BE32-2DC0C9681089}.Debug|x64.Build.0 = Debug|x64
		{D36F482E-2E7D-44DD-BE32-2DC0C9681089}.Debug|x86.ActiveCfg = Debug|Win32
		{D36F482E-2E7D-44DD-BE32-2DC0C9681089}.Debug|x86.Build.0 = Debug|Win32
		{D36F482E-2E7D-44DD-BE32-2DC0C9681089}.Release|x64.ActiveCfg = Release|x64
		{D36F482E-2E7D-44DD-BE32-2DC0C9681089}.Release|x64.Build.0 = Release|x64
		{D36F482E-2E7D-44DD-BE32-2DC0C9681089}.Release|x86.ActiveCfg = Release|Win32
		{D36F482E-2E7D-44DD-BE32-2DC0C9681089}.Release|x86.Build.0 = Release|Win32
	EndGlobalSection
	GlobalSection(SolutionProperties) = preSolution
		HideSolutionNode = FALSE
	EndGlobalSection
	GlobalSection(ExtensibilityGlobals) = postSolution
		SolutionGuid = {756C0B25-F190-43E9-999A-E6EF3FE8FCF1}
	EndGlobalSection
EndGlobal
